
Microsoft Visual Studio Solution File, Format Version 12.00
# Visual Studio Version 17
VisualStudioVersion = 17.4.33213.308
MinimumVisualStudioVersion = 10.0.40219.1
Project("{FAE04EC0-301F-11D3-BF4B-00C04F79EFBC}") = "курсова", "курсова\курсова.csproj", "{3AD9CCA8-D3C6-4BD5-8746-4EBC2524507E}"
EndProject
Global
	GlobalSection(SolutionConfigurationPlatforms) = preSolution
		Debug|Any CPU = Debug|Any CPU
		Release|Any CPU = Release|Any CPU
	EndGlobalSection
	GlobalSection(ProjectConfigurationPlatforms) = postSolution
		{3AD9CCA8-D3C6-4BD5-8746-4EBC2524507E}.Debug|Any CPU.ActiveCfg = Debug|Any CPU
		{3AD9CCA8-D3C6-4BD5-8746-4EBC2524507E}.Debug|Any CPU.Build.0 = Debug|Any CPU
		{3AD9CCA8-D3C6-4BD5-8746-4EBC2524507E}.Release|Any CPU.ActiveCfg = Release|Any CPU
		{3AD9CCA8-D3C6-4BD5-8746-4EBC2524507E}.Release|Any CPU.Build.0 = Release|Any CPU
	EndGlobalSection
	GlobalSection(SolutionProperties) = preSolution
		HideSolutionNode = FALSE
	EndGlobalSection
	GlobalSection(ExtensibilityGlobals) = postSolution
		SolutionGuid = {83FFC6A3-0F0D-4FE4-8657-5F7BC11EBEF4}
	EndGlobalSection
EndGlobal
